
Microsoft Visual Studio Solution File, Format Version 12.00
# Visual Studio 14
VisualStudioVersion = 14.0.25420.1
MinimumVisualStudioVersion = 10.0.40219.1
Project("{FAE04EC0-301F-11D3-BF4B-00C04F79EFBC}") = "DynamicObject", "DynamicObject\DynamicObject.csproj", "{C7B71499-7BA1-433E-A6BD-09168E17824B}"
EndProject
Project("{FAE04EC0-301F-11D3-BF4B-00C04F79EFBC}") = "Test", "Test\Test.csproj", "{35E28E46-BEAF-495E-B460-80D4699F22E0}"
EndProject
Global
	GlobalSection(SolutionConfigurationPlatforms) = preSolution
		Debug|Any CPU = Debug|Any CPU
		Release|Any CPU = Release|Any CPU
	EndGlobalSection
	GlobalSection(ProjectConfigurationPlatforms) = postSolution
		{C7B71499-7BA1-433E-A6BD-09168E17824B}.Debug|Any CPU.ActiveCfg = Debug|Any CPU
		{C7B71499-7BA1-433E-A6BD-09168E17824B}.Debug|Any CPU.Build.0 = Debug|Any CPU
		{C7B71499-7BA1-433E-A6BD-09168E17824B}.Release|Any CPU.ActiveCfg = Release|Any CPU
		{C7B71499-7BA1-433E-A6BD-09168E17824B}.Release|Any CPU.Build.0 = Release|Any CPU
		{35E28E46-BEAF-495E-B460-80D4699F22E0}.Debug|Any CPU.ActiveCfg = Debug|Any CPU
		{35E28E46-BEAF-495E-B460-80D4699F22E0}.Debug|Any CPU.Build.0 = Debug|Any CPU
		{35E28E46-BEAF-495E-B460-80D4699F22E0}.Release|Any CPU.ActiveCfg = Release|Any CPU
		{35E28E46-BEAF-495E-B460-80D4699F22E0}.Release|Any CPU.Build.0 = Release|Any CPU
	EndGlobalSection
	GlobalSection(SolutionProperties) = preSolution
		HideSolutionNode = FALSE
	EndGlobalSection
EndGlobal
