
Microsoft Visual Studio Solution File, Format Version 12.00
# Visual Studio 14
VisualStudioVersion = 14.0.25420.1
MinimumVisualStudioVersion = 10.0.40219.1
Project("{FAE04EC0-301F-11D3-BF4B-00C04F79EFBC}") = "DynamicObject", "DynamicObject\DynamicObject.csproj", "{F4185D4B-B24F-49BD-A708-5EF6042225D2}"
EndProject
Project("{FAE04EC0-301F-11D3-BF4B-00C04F79EFBC}") = "Test", "Test\Test.csproj", "{B919AFF3-5FD8-481B-8196-81C7A4E1A324}"
EndProject
Global
	GlobalSection(SolutionConfigurationPlatforms) = preSolution
		Debug|Any CPU = Debug|Any CPU
		Release|Any CPU = Release|Any CPU
	EndGlobalSection
	GlobalSection(ProjectConfigurationPlatforms) = postSolution
		{F4185D4B-B24F-49BD-A708-5EF6042225D2}.Debug|Any CPU.ActiveCfg = Debug|Any CPU
		{F4185D4B-B24F-49BD-A708-5EF6042225D2}.Debug|Any CPU.Build.0 = Debug|Any CPU
		{F4185D4B-B24F-49BD-A708-5EF6042225D2}.Release|Any CPU.ActiveCfg = Release|Any CPU
		{F4185D4B-B24F-49BD-A708-5EF6042225D2}.Release|Any CPU.Build.0 = Release|Any CPU
		{B919AFF3-5FD8-481B-8196-81C7A4E1A324}.Debug|Any CPU.ActiveCfg = Debug|Any CPU
		{B919AFF3-5FD8-481B-8196-81C7A4E1A324}.Debug|Any CPU.Build.0 = Debug|Any CPU
		{B919AFF3-5FD8-481B-8196-81C7A4E1A324}.Release|Any CPU.ActiveCfg = Release|Any CPU
		{B919AFF3-5FD8-481B-8196-81C7A4E1A324}.Release|Any CPU.Build.0 = Release|Any CPU
	EndGlobalSection
	GlobalSection(SolutionProperties) = preSolution
		HideSolutionNode = FALSE
	EndGlobalSection
EndGlobal
